{
  "version": 4,
  "terraform_version": "0.15.4",
  "serial": 9,
  "lineage": "79f81990-6b66-4804-9b14-79602ab5477c",
  "outputs": {},
  "resources": [
    {
      "mode": "managed",
      "type": "aws_iam_user",
      "name": "create_user",
      "provider": "provider[\"registry.terraform.io/hashicorp/aws\"]",
      "instances": [
        {
          "schema_version": 0,
          "attributes": {
            "arn": "arn:aws:iam::155070640741:user/xyz",
            "force_destroy": false,
            "id": "xyz",
            "name": "xyz",
            "path": "/",
            "permissions_boundary": null,
            "tags": {},
            "tags_all": {},
            "unique_id": "AIDASIGXOGJSSSEC2QEP7"
          },
          "sensitive_attributes": [],
          "private": "bnVsbA=="
        }
      ]
    },
    {
      "mode": "managed",
      "type": "aws_iam_user_group_membership",
      "name": "attachuser",
      "provider": "provider[\"registry.terraform.io/hashicorp/aws\"]",
      "instances": [
        {
          "schema_version": 0,
          "attributes": {
            "groups": [
              "admin"
            ],
            "id": "terraform-20210529075555510500000001",
            "user": "xyz"
          },
          "sensitive_attributes": [],
          "private": "bnVsbA==",
          "dependencies": [
            "aws_iam_user.create_user"
          ]
        }
      ]
    }
  ]
}
